// !$*UTF8*$!
{
	archiveVersion = 1;
	classes = {
	};
	objectVersion = 46;
	objects = {

/* Begin PBXBuildFile section */
		56FB54D51E0B8EA900215B6E /* AppDelegate.swift in Sources */ = {isa = PBXBuildFile; fileRef = 56FB54D41E0B8EA900215B6E /* AppDelegate.swift */; };
		56FB54D71E0B8EA900215B6E /* ViewController.swift in Sources */ = {isa = PBXBuildFile; fileRef = 56FB54D61E0B8EA900215B6E /* ViewController.swift */; };
		56FB54DA1E0B8EA900215B6E /* Main.storyboard in Resources */ = {isa = PBXBuildFile; fileRef = 56FB54D81E0B8EA900215B6E /* Main.storyboard */; };
		56FB54DC1E0B8EA900215B6E /* Assets.xcassets in Resources */ = {isa = PBXBuildFile; fileRef = 56FB54DB1E0B8EA900215B6E /* Assets.xcassets */; };
		56FB54DF1E0B8EA900215B6E /* LaunchScreen.storyboard in Resources */ = {isa = PBXBuildFile; fileRef = 56FB54DD1E0B8EA900215B6E /* LaunchScreen.storyboard */; };
/* End PBXBuildFile section */

/* Begin PBXFileReference section */
		56FB54D11E0B8EA900215B6E /* GitDelete.app */ = {isa = PBXFileReference; explicitFileType = wrapper.application; includeInIndex = 0; path = GitDelete.app; sourceTree = BUILT_PRODUCTS_DIR; };
		56FB54D41E0B8EA900215B6E /* AppDelegate.swift */ = {isa = PBXFileReference; lastKnownFileType = sourcecode.swift; path = AppDelegate.swift; sourceTree = "<group>"; };
		56FB54D61E0B8EA900215B6E /* ViewController.swift */ = {isa = PBXFileReference; lastKnownFileType = sourcecode.swift; path = ViewController.swift; sourceTree = "<group>"; };
		56FB54D91E0B8EA900215B6E /* Base */ = {isa = PBXFileReference; lastKnownFileType = file.storyboard; name = Base; path = Base.lproj/Main.storyboard; sourceTree = "<group>"; };
		56FB54DB1E0B8EA900215B6E /* Assets.xcassets */ = {isa = PBXFileReference; lastKnownFileType = folder.assetcatalog; path = Assets.xcassets; sourceTree = "<group>"; };
		56FB54DE1E0B8EA900215B6E /* Base */ = {isa = PBXFileReference; lastKnownFileType = file.storyboard; name = Base; path = Base.lproj/LaunchScreen.storyboard; sourceTree = "<group>"; };
		56FB54E01E0B8EA900215B6E /* Info.plist */ = {isa = PBXFileReference; lastKnownFileType = text.plist.xml; path = Info.plist; sourceTree = "<group>"; };
/* End PBXFileReference section */

/* Begin PBXFrameworksBuildPhase section */
		56FB54CE1E0B8EA900215B6E /* Frameworks */ = {
			isa = PBXFrameworksBuildPhase;
			buildActionMask = 2147483647;
			files = (
			);
			runOnlyForDeploymentPostprocessing = 0;
		};
/* End PBXFrameworksBuildPhase section */

/* Begin PBXGroup section */
		56FB54C81E0B8EA900215B6E = {
			isa = PBXGroup;
			children = (
				56FB54D31E0B8EA900215B6E /* GitDelete */,
				56FB54D21E0B8EA900215B6E /* Products */,
			);
			sourceTree = "<group>";
		};
		56FB54D21E0B8EA900215B6E /* Products */ = {
			isa = PBXGroup;
			children = (
				56FB54D11E0B8EA900215B6E /* GitDelete.app */,
			);
			name = Products;
			sourceTree = "<group>";
		};
		56FB54D31E0B8EA900215B6E /* GitDelete */ = {
			isa = PBXGroup;
			children = (
				56FB54D41E0B8EA900215B6E /* AppDelegate.swift */,
				56FB54D61E0B8EA900215B6E /* ViewController.swift */,
				56FB54D81E0B8EA900215B6E /* Main.storyboard */,
				56FB54DB1E0B8EA900215B6E /* Assets.xcassets */,
				56FB54DD1E0B8EA900215B6E /* LaunchScreen.storyboard */,
				56FB54E01E0B8EA900215B6E /* Info.plist */,
			);
			path = GitDelete;
			sourceTree = "<group>";
		};
/* End PBXGroup section */

/* Begin PBXNativeTarget section */
		56FB54D01E0B8EA900215B6E /* GitDelete */ = {
			isa = PBXNativeTarget;
			buildConfigurationList = 56FB54E31E0B8EA900215B6E /* Build configuration list for PBXNativeTarget "GitDelete" */;
			buildPhases = (
				56FB54CD1E0B8EA900215B6E /* Sources */,
				56FB54CE1E0B8EA900215B6E /* Frameworks */,
				56FB54CF1E0B8EA900215B6E /* Resources */,
			);
			buildRules = (
			);
			dependencies = (
			);
			name = GitDelete;
			productName = GitDelete;
			productReference = 56FB54D11E0B8EA900215B6E /* GitDelete.app */;
			productType = "com.apple.product-type.application";
		};
/* End PBXNativeTarget section */

/* Begin PBXProject section */
		56FB54C91E0B8EA900215B6E /* Project object */ = {
			isa = PBXProject;
			attributes = {
				LastSwiftUpdateCheck = 0820;
				LastUpgradeCheck = 0820;
				ORGANIZATIONNAME = com.MadinaBegumova;
				TargetAttributes = {
					56FB54D01E0B8EA900215B6E = {
						CreatedOnToolsVersion = 8.2;
						ProvisioningStyle = Automatic;
					};
				};
			};
			buildConfigurationList = 56FB54CC1E0B8EA900215B6E /* Build configuration list for PBXProject "GitDelete" */;
			compatibilityVersion = "Xcode 3.2";
			developmentRegion = English;
			hasScannedForEncodings = 0;
			knownRegions = (
				en,
				Base,
			);
			mainGroup = 56FB54C81E0B8EA900215B6E;
			productRefGroup = 56FB54D21E0B8EA900215B6E /* Products */;
			projectDirPath = "";
			projectRoot = "";
			targets = (
				56FB54D01E0B8EA900215B6E /* GitDelete */,
			);
		};
/* End PBXProject section */

/* Begin PBXResourcesBuildPhase section */
		56FB54CF1E0B8EA900215B6E /* Resources */ = {
			isa = PBXResourcesBuildPhase;
			buildActionMask = 2147483647;
			files = (
				56FB54DF1E0B8EA900215B6E /* LaunchScreen.storyboard in Resources */,
				56FB54DC1E0B8EA900215B6E /* Assets.xcassets in Resources */,
				56FB54DA1E0B8EA900215B6E /* Main.storyboard in Resources */,
			);
			runOnlyForDeploymentPostprocessing = 0;
		};
/* End PBXResourcesBuildPhase section */

/* Begin PBXSourcesBuildPhase section */
		56FB54CD1E0B8EA900215B6E /* Sources */ = {
			isa = PBXSourcesBuildPhase;
			buildActionMask = 2147483647;
			files = (
				56FB54D71E0B8EA900215B6E /* ViewController.swift in Sources */,
				56FB54D51E0B8EA900215B6E /* AppDelegate.swift in Sources */,
			);
			runOnlyForDeploymentPostprocessing = 0;
		};
/* End PBXSourcesBuildPhase section */

/* Begin PBXVariantGroup section */
		56FB54D81E0B8EA900215B6E /* Main.storyboard */ = {
			isa = PBXVariantGroup;
			children = (
				56FB54D91E0B8EA900215B6E /* Base */,
			);
			name = Main.storyboard;
			sourceTree = "<group>";
		};
		56FB54DD1E0B8EA900215B6E /* LaunchScreen.storyboard */ = {
			isa = PBXVariantGroup;
			children = (
				56FB54DE1E0B8EA900215B6E /* Base */,
			);
			name = LaunchScreen.storyboard;
			sourceTree = "<group>";
		};
/* End PBXVariantGroup section */

/* Begin XCBuildConfiguration section */
		56FB54E11E0B8EA900215B6E /* Debug */ = {
			isa = XCBuildConfiguration;
			buildSettings = {
				ALWAYS_SEARCH_USER_PATHS = NO;
				CLANG_ANALYZER_NONNULL = YES;
				CLANG_CXX_LANGUAGE_STANDARD = "gnu++0x";
				CLANG_CXX_LIBRARY = "libc++";
				CLANG_ENABLE_MODULES = YES;
				CLANG_ENABLE_OBJC_ARC = YES;
				CLANG_WARN_BOOL_CONVERSION = YES;
				CLANG_WARN_CONSTANT_CONVERSION = YES;
				CLANG_WARN_DIRECT_OBJC_ISA_USAGE = YES_ERROR;
				CLANG_WARN_DOCUMENTATION_COMMENTS = YES;
				CLANG_WARN_EMPTY_BODY = YES;
				CLANG_WARN_ENUM_CONVERSION = YES;
				CLANG_WARN_INFINITE_RECURSION = YES;
				CLANG_WARN_INT_CONVERSION = YES;
				CLANG_WARN_OBJC_ROOT_CLASS = YES_ERROR;
				CLANG_WARN_SUSPICIOUS_MOVE = YES;
				CLANG_WARN_UNREACHABLE_CODE = YES;
				CLANG_WARN__DUPLICATE_METHOD_MATCH = YES;
				"CODE_SIGN_IDENTITY[sdk=iphoneos*]" = "iPhone Developer";
				COPY_PHASE_STRIP = NO;
				DEBUG_INFORMATION_FORMAT = dwarf;
				ENABLE_STRICT_OBJC_MSGSEND = YES;
				ENABLE_TESTABILITY = YES;
				GCC_C_LANGUAGE_STANDARD = gnu99;
				GCC_DYNAMIC_NO_PIC = NO;
				GCC_NO_COMMON_BLOCKS = YES;
				GCC_OPTIMIZATION_LEVEL = 0;
				GCC_PREPROCESSOR_DEFINITIONS = (
					"DEBUG=1",
					"$(inherited)",
				);
				GCC_WARN_64_TO_32_BIT_CONVERSION = YES;
				GCC_WARN_ABOUT_RETURN_TYPE = YES_ERROR;
				GCC_WARN_UNDECLARED_SELECTOR = YES;
				GCC_WARN_UNINITIALIZED_AUTOS = YES_AGGRESSIVE;
				GCC_WARN_UNUSED_FUNCTION = YES;
				GCC_WARN_UNUSED_VARIABLE = YES;
				IPHONEOS_DEPLOYMENT_TARGET = 10.2;
				MTL_ENABLE_DEBUG_INFO = YES;
				ONLY_ACTIVE_ARCH = YES;
				SDKROOT = iphoneos;
				SWIFT_ACTIVE_COMPILATION_CONDITIONS = DEBUG;
				SWIFT_OPTIMIZATION_LEVEL = "-Onone";
			};
			name = Debug;
		};
		56FB54E21E0B8EA900215B6E /* Release */ = {
			isa = XCBuildConfiguration;
			buildSettings = {
				ALWAYS_SEARCH_USER_PATHS = NO;
				CLANG_ANALYZER_NONNULL = YES;
				CLANG_CXX_LANGUAGE_STANDARD = "gnu++0x";
				CLANG_CXX_LIBRARY = "libc++";
				CLANG_ENABLE_MODULES = YES;
				CLANG_ENABLE_OBJC_ARC = YES;
				CLANG_WARN_BOOL_CONVERSION = YES;
				CLANG_WARN_CONSTANT_CONVERSION = YES;
				CLANG_WARN_DIRECT_OBJC_ISA_USAGE = YES_ERROR;
				CLANG_WARN_DOCUMENTATION_COMMENTS = YES;
				CLANG_WARN_EMPTY_BODY = YES;
				CLANG_WARN_ENUM_CONVERSION = YES;
				CLANG_WARN_INFINITE_RECURSION = YES;
				CLANG_WARN_INT_CONVERSION = YES;
				CLANG_WARN_OBJC_ROOT_CLASS = YES_ERROR;
				CLANG_WARN_SUSPICIOUS_MOVE = YES;
				CLANG_WARN_UNREACHABLE_CODE = YES;
				CLANG_WARN__DUPLICATE_METHOD_MATCH = YES;
				"CODE_SIGN_IDENTITY[sdk=iphoneos*]" = "iPhone Developer";
				COPY_PHASE_STRIP = NO;
				DEBUG_INFORMATION_FORMAT = "dwarf-with-dsym";
				ENABLE_NS_ASSERTIONS = NO;
				ENABLE_STRICT_OBJC_MSGSEND = YES;
				GCC_C_LANGUAGE_STANDARD = gnu99;
				GCC_NO_COMMON_BLOCKS = YES;
				GCC_WARN_64_TO_32_BIT_CONVERSION = YES;
				GCC_WARN_ABOUT_RETURN_TYPE = YES_ERROR;
				GCC_WARN_UNDECLARED_SELECTOR = YES;
				GCC_WARN_UNINITIALIZED_AUTOS = YES_AGGRESSIVE;
				GCC_WARN_UNUSED_FUNCTION = YES;
				GCC_WARN_UNUSED_VARIABLE = YES;
				IPHONEOS_DEPLOYMENT_TARGET = 10.2;
				MTL_ENABLE_DEBUG_INFO = NO;
				SDKROOT = iphoneos;
				SWIFT_OPTIMIZATION_LEVEL = "-Owholemodule";
				VALIDATE_PRODUCT = YES;
			};
			name = Release;
		};
		56FB54E41E0B8EA900215B6E /* Debug */ = {
			isa = XCBuildConfiguration;
			buildSettings = {
				ASSETCATALOG_COMPILER_APPICON_NAME = AppIcon;
				INFOPLIST_FILE = GitDelete/Info.plist;
				LD_RUNPATH_SEARCH_PATHS = "$(inherited) @executable_path/Frameworks";
				PRODUCT_BUNDLE_IDENTIFIER = com.madina.GitDelete;
				PRODUCT_NAME = "$(TARGET_NAME)";
				SWIFT_VERSION = 3.0;
			};
			name = Debug;
		};
		56FB54E51E0B8EA900215B6E /* Release */ = {
			isa = XCBuildConfiguration;
			buildSettings = {
				ASSETCATALOG_COMPILER_APPICON_NAME = AppIcon;
				INFOPLIST_FILE = GitDelete/Info.plist;
				LD_RUNPATH_SEARCH_PATHS = "$(inherited) @executable_path/Frameworks";
				PRODUCT_BUNDLE_IDENTIFIER = com.madina.GitDelete;
				PRODUCT_NAME = "$(TARGET_NAME)";
				SWIFT_VERSION = 3.0;
			};
			name = Release;
		};
/* End XCBuildConfiguration section */

/* Begin XCConfigurationList section */
		56FB54CC1E0B8EA900215B6E /* Build configuration list for PBXProject "GitDelete" */ = {
			isa = XCConfigurationList;
			buildConfigurations = (
				56FB54E11E0B8EA900215B6E /* Debug */,
				56FB54E21E0B8EA900215B6E /* Release */,
			);
			defaultConfigurationIsVisible = 0;
			defaultConfigurationName = Release;
		};
		56FB54E31E0B8EA900215B6E /* Build configuration list for PBXNativeTarget "GitDelete" */ = {
			isa = XCConfigurationList;
			buildConfigurations = (
				56FB54E41E0B8EA900215B6E /* Debug */,
				56FB54E51E0B8EA900215B6E /* Release */,
			);
			defaultConfigurationIsVisible = 0;
		};
/* End XCConfigurationList section */
	};
	rootObject = 56FB54C91E0B8EA900215B6E /* Project object */;
}
